
Microsoft Visual Studio Solution File, Format Version 12.00
# Visual Studio Version 16
VisualStudioVersion = 16.0.30907.101
MinimumVisualStudioVersion = 10.0.40219.1
Project("{9A19103F-16F7-4668-BE54-9A1E7A4F7556}") = "Task_1", "Task_1\Task_1.csproj", "{FE02071E-515A-4D41-B7FF-AB7CD66D724E}"
EndProject
Project("{9A19103F-16F7-4668-BE54-9A1E7A4F7556}") = "Task_2", "Task_2\Task_2.csproj", "{1275E5F5-DC0B-49DE-AD0A-E6A9A6AB2D64}"
EndProject
Project("{9A19103F-16F7-4668-BE54-9A1E7A4F7556}") = "Task_3", "Task_3\Task_3.csproj", "{CD458CBC-F7F3-4FF5-A99E-97EFC189648A}"
EndProject
Project("{FAE04EC0-301F-11D3-BF4B-00C04F79EFBC}") = "Task_4", "Task_4\Task_4.csproj", "{D6FA464A-7020-4139-8A70-9C9BC89234C4}"
EndProject
Project("{FAE04EC0-301F-11D3-BF4B-00C04F79EFBC}") = "Task_5", "Task_5\Task_5.csproj", "{24CBA04D-5A0C-49A5-B9C3-937DC5529EB3}"
EndProject
Project("{FAE04EC0-301F-11D3-BF4B-00C04F79EFBC}") = "Task_6", "Task_6\Task_6.csproj", "{D77CC338-E4EE-4F72-8254-E7F122E60697}"
EndProject
Global
	GlobalSection(SolutionConfigurationPlatforms) = preSolution
		Debug|Any CPU = Debug|Any CPU
		Release|Any CPU = Release|Any CPU
	EndGlobalSection
	GlobalSection(ProjectConfigurationPlatforms) = postSolution
		{FE02071E-515A-4D41-B7FF-AB7CD66D724E}.Debug|Any CPU.ActiveCfg = Debug|Any CPU
		{FE02071E-515A-4D41-B7FF-AB7CD66D724E}.Debug|Any CPU.Build.0 = Debug|Any CPU
		{FE02071E-515A-4D41-B7FF-AB7CD66D724E}.Release|Any CPU.ActiveCfg = Release|Any CPU
		{FE02071E-515A-4D41-B7FF-AB7CD66D724E}.Release|Any CPU.Build.0 = Release|Any CPU
		{1275E5F5-DC0B-49DE-AD0A-E6A9A6AB2D64}.Debug|Any CPU.ActiveCfg = Debug|Any CPU
		{1275E5F5-DC0B-49DE-AD0A-E6A9A6AB2D64}.Debug|Any CPU.Build.0 = Debug|Any CPU
		{1275E5F5-DC0B-49DE-AD0A-E6A9A6AB2D64}.Release|Any CPU.ActiveCfg = Release|Any CPU
		{1275E5F5-DC0B-49DE-AD0A-E6A9A6AB2D64}.Release|Any CPU.Build.0 = Release|Any CPU
		{CD458CBC-F7F3-4FF5-A99E-97EFC189648A}.Debug|Any CPU.ActiveCfg = Debug|Any CPU
		{CD458CBC-F7F3-4FF5-A99E-97EFC189648A}.Debug|Any CPU.Build.0 = Debug|Any CPU
		{CD458CBC-F7F3-4FF5-A99E-97EFC189648A}.Release|Any CPU.ActiveCfg = Release|Any CPU
		{CD458CBC-F7F3-4FF5-A99E-97EFC189648A}.Release|Any CPU.Build.0 = Release|Any CPU
		{D6FA464A-7020-4139-8A70-9C9BC89234C4}.Debug|Any CPU.ActiveCfg = Debug|Any CPU
		{D6FA464A-7020-4139-8A70-9C9BC89234C4}.Debug|Any CPU.Build.0 = Debug|Any CPU
		{D6FA464A-7020-4139-8A70-9C9BC89234C4}.Release|Any CPU.ActiveCfg = Release|Any CPU
		{D6FA464A-7020-4139-8A70-9C9BC89234C4}.Release|Any CPU.Build.0 = Release|Any CPU
		{24CBA04D-5A0C-49A5-B9C3-937DC5529EB3}.Debug|Any CPU.ActiveCfg = Debug|Any CPU
		{24CBA04D-5A0C-49A5-B9C3-937DC5529EB3}.Debug|Any CPU.Build.0 = Debug|Any CPU
		{24CBA04D-5A0C-49A5-B9C3-937DC5529EB3}.Release|Any CPU.ActiveCfg = Release|Any CPU
		{24CBA04D-5A0C-49A5-B9C3-937DC5529EB3}.Release|Any CPU.Build.0 = Release|Any CPU
		{D77CC338-E4EE-4F72-8254-E7F122E60697}.Debug|Any CPU.ActiveCfg = Debug|Any CPU
		{D77CC338-E4EE-4F72-8254-E7F122E60697}.Debug|Any CPU.Build.0 = Debug|Any CPU
		{D77CC338-E4EE-4F72-8254-E7F122E60697}.Release|Any CPU.ActiveCfg = Release|Any CPU
		{D77CC338-E4EE-4F72-8254-E7F122E60697}.Release|Any CPU.Build.0 = Release|Any CPU
	EndGlobalSection
	GlobalSection(SolutionProperties) = preSolution
		HideSolutionNode = FALSE
	EndGlobalSection
	GlobalSection(ExtensibilityGlobals) = postSolution
		SolutionGuid = {69D50F80-CD0B-43FE-847F-B7317319A751}
	EndGlobalSection
EndGlobal
