
Microsoft Visual Studio Solution File, Format Version 12.00
# Visual Studio Version 16
VisualStudioVersion = 16.0.30907.101
MinimumVisualStudioVersion = 10.0.40219.1
Project("{2150E333-8FDC-42A3-9474-1A3956D46DE8}") = "Homework_1", "Homework_1", "{654B0D46-6AAC-4B1A-A03D-1556C225D35F}"
EndProject
Project("{2150E333-8FDC-42A3-9474-1A3956D46DE8}") = "Homework_2", "Homework_2", "{18AD81A4-CEFF-4095-96D1-3E6E4B85EDFF}"
EndProject
Project("{9A19103F-16F7-4668-BE54-9A1E7A4F7556}") = "Task_1.1", "Homework_1\Task_1.1\Task_1.1.csproj", "{F59AB49D-808B-47E9-A3FA-BFAB83BB4175}"
EndProject
Project("{9A19103F-16F7-4668-BE54-9A1E7A4F7556}") = "Task_1.2", "Homework_1\Task_1.2\Task_1.2.csproj", "{76971E75-8308-4DDD-9884-8098D167B024}"
EndProject
Project("{9A19103F-16F7-4668-BE54-9A1E7A4F7556}") = "Task_1.3", "Homework_1\Task_1.3\Task_1.3.csproj", "{F44ACACF-A72A-48EC-9C2F-1C15B0B180AE}"
EndProject
Project("{9A19103F-16F7-4668-BE54-9A1E7A4F7556}") = "Task_1.4", "Homework_1\Task_1.4\Task_1.4.csproj", "{498A9355-3F27-4A65-9454-30A081D25DBB}"
EndProject
Project("{9A19103F-16F7-4668-BE54-9A1E7A4F7556}") = "Task_1.5", "Homework_1\Task_1.5\Task_1.5.csproj", "{DDC1CE3E-E9E3-4B67-9185-6D7B4AB0B5A7}"
EndProject
Project("{9A19103F-16F7-4668-BE54-9A1E7A4F7556}") = "Task_1.6", "Homework_1\Task_1.6\Task_1.6.csproj", "{C5CB8801-663B-42E0-AB01-4AFD53137E3E}"
EndProject
Project("{9A19103F-16F7-4668-BE54-9A1E7A4F7556}") = "Task_2.1", "Homework_2\Task_2.1\Task_2.1.csproj", "{709A2CCC-756A-4D73-A44B-C27760F4992A}"
EndProject
Project("{9A19103F-16F7-4668-BE54-9A1E7A4F7556}") = "Task_2.2", "Homework_2\Task_2.2\Task_2.2.csproj", "{54C158AB-3CE6-43F0-B250-685917B653A3}"
EndProject
Project("{9A19103F-16F7-4668-BE54-9A1E7A4F7556}") = "Task_2.3", "Homework_2\Task_2.3\Task_2.3.csproj", "{CD432248-C2B5-4703-B402-DF569804D75A}"
EndProject
Project("{9A19103F-16F7-4668-BE54-9A1E7A4F7556}") = "Task_2.4", "Homework_2\Task_2.4\Task_2.4.csproj", "{8E63D5E0-32A9-4C12-8C1A-EC464B1016D6}"
EndProject
Project("{9A19103F-16F7-4668-BE54-9A1E7A4F7556}") = "Task_2.5", "Homework_2\Task_2.5\Task_2.5.csproj", "{28305DC4-CF86-40CE-896F-F24F328A00BA}"
EndProject
Project("{9A19103F-16F7-4668-BE54-9A1E7A4F7556}") = "Task_2.6", "Homework_2\Task_2.6\Task_2.6.csproj", "{86D7B1E0-6C0C-4FF5-8EF7-33CD9FC5A8B8}"
EndProject
Project("{9A19103F-16F7-4668-BE54-9A1E7A4F7556}") = "Task_2.7", "Homework_2\Task_2.7\Task_2.7.csproj", "{4B690C59-6583-4E90-84BE-6D5D81611089}"
EndProject
Project("{2150E333-8FDC-42A3-9474-1A3956D46DE8}") = "Homework_3", "Homework_3", "{00393723-54FC-46C7-9A0C-E9F40D5E6C71}"
EndProject
Project("{9A19103F-16F7-4668-BE54-9A1E7A4F7556}") = "Task_3.1", "Homework_3\Task_3.1\Task_3.1.csproj", "{8385ACCF-FD8A-43F5-AB9B-255F5E9A722C}"
EndProject
Project("{9A19103F-16F7-4668-BE54-9A1E7A4F7556}") = "Task_3.2", "Homework_3\Task_3.2\Task_3.2.csproj", "{0A699087-D2DB-4801-83AE-4D36F55699A4}"
EndProject
Project("{9A19103F-16F7-4668-BE54-9A1E7A4F7556}") = "Task_3.3", "Homework_3\Task_3.3\Task_3.3.csproj", "{09BC6341-2508-42C9-B978-85302E4D7CBD}"
EndProject
Project("{2150E333-8FDC-42A3-9474-1A3956D46DE8}") = "Homework_4", "Homework_4", "{2D58E049-C1C2-4485-B62E-3A4091961189}"
EndProject
Project("{9A19103F-16F7-4668-BE54-9A1E7A4F7556}") = "Task_4.1", "Homework_4\Task_4.1\Task_4.1.csproj", "{5C97A5AB-8BFD-4C91-983C-975791EB9FC7}"
EndProject
Project("{9A19103F-16F7-4668-BE54-9A1E7A4F7556}") = "Task_4.2", "Homework_4\Task_4.2\Task_4.2.csproj", "{E6A432C5-4C16-43BD-BB29-CD51F4EF644D}"
EndProject
Project("{FAE04EC0-301F-11D3-BF4B-00C04F79EFBC}") = "Task_4.3", "Homework_4\Task_4.3\Task_4.3.csproj", "{57A4CFA4-BFAE-4EBF-A41D-CE685079A678}"
EndProject
Global
	GlobalSection(SolutionConfigurationPlatforms) = preSolution
		Debug|Any CPU = Debug|Any CPU
		Release|Any CPU = Release|Any CPU
	EndGlobalSection
	GlobalSection(ProjectConfigurationPlatforms) = postSolution
		{F59AB49D-808B-47E9-A3FA-BFAB83BB4175}.Debug|Any CPU.ActiveCfg = Debug|Any CPU
		{F59AB49D-808B-47E9-A3FA-BFAB83BB4175}.Debug|Any CPU.Build.0 = Debug|Any CPU
		{F59AB49D-808B-47E9-A3FA-BFAB83BB4175}.Release|Any CPU.ActiveCfg = Release|Any CPU
		{F59AB49D-808B-47E9-A3FA-BFAB83BB4175}.Release|Any CPU.Build.0 = Release|Any CPU
		{76971E75-8308-4DDD-9884-8098D167B024}.Debug|Any CPU.ActiveCfg = Debug|Any CPU
		{76971E75-8308-4DDD-9884-8098D167B024}.Debug|Any CPU.Build.0 = Debug|Any CPU
		{76971E75-8308-4DDD-9884-8098D167B024}.Release|Any CPU.ActiveCfg = Release|Any CPU
		{76971E75-8308-4DDD-9884-8098D167B024}.Release|Any CPU.Build.0 = Release|Any CPU
		{F44ACACF-A72A-48EC-9C2F-1C15B0B180AE}.Debug|Any CPU.ActiveCfg = Debug|Any CPU
		{F44ACACF-A72A-48EC-9C2F-1C15B0B180AE}.Debug|Any CPU.Build.0 = Debug|Any CPU
		{F44ACACF-A72A-48EC-9C2F-1C15B0B180AE}.Release|Any CPU.ActiveCfg = Release|Any CPU
		{F44ACACF-A72A-48EC-9C2F-1C15B0B180AE}.Release|Any CPU.Build.0 = Release|Any CPU
		{498A9355-3F27-4A65-9454-30A081D25DBB}.Debug|Any CPU.ActiveCfg = Debug|Any CPU
		{498A9355-3F27-4A65-9454-30A081D25DBB}.Debug|Any CPU.Build.0 = Debug|Any CPU
		{498A9355-3F27-4A65-9454-30A081D25DBB}.Release|Any CPU.ActiveCfg = Release|Any CPU
		{498A9355-3F27-4A65-9454-30A081D25DBB}.Release|Any CPU.Build.0 = Release|Any CPU
		{DDC1CE3E-E9E3-4B67-9185-6D7B4AB0B5A7}.Debug|Any CPU.ActiveCfg = Debug|Any CPU
		{DDC1CE3E-E9E3-4B67-9185-6D7B4AB0B5A7}.Debug|Any CPU.Build.0 = Debug|Any CPU
		{DDC1CE3E-E9E3-4B67-9185-6D7B4AB0B5A7}.Release|Any CPU.ActiveCfg = Release|Any CPU
		{DDC1CE3E-E9E3-4B67-9185-6D7B4AB0B5A7}.Release|Any CPU.Build.0 = Release|Any CPU
		{C5CB8801-663B-42E0-AB01-4AFD53137E3E}.Debug|Any CPU.ActiveCfg = Debug|Any CPU
		{C5CB8801-663B-42E0-AB01-4AFD53137E3E}.Debug|Any CPU.Build.0 = Debug|Any CPU
		{C5CB8801-663B-42E0-AB01-4AFD53137E3E}.Release|Any CPU.ActiveCfg = Release|Any CPU
		{C5CB8801-663B-42E0-AB01-4AFD53137E3E}.Release|Any CPU.Build.0 = Release|Any CPU
		{709A2CCC-756A-4D73-A44B-C27760F4992A}.Debug|Any CPU.ActiveCfg = Debug|Any CPU
		{709A2CCC-756A-4D73-A44B-C27760F4992A}.Debug|Any CPU.Build.0 = Debug|Any CPU
		{709A2CCC-756A-4D73-A44B-C27760F4992A}.Release|Any CPU.ActiveCfg = Release|Any CPU
		{709A2CCC-756A-4D73-A44B-C27760F4992A}.Release|Any CPU.Build.0 = Release|Any CPU
		{54C158AB-3CE6-43F0-B250-685917B653A3}.Debug|Any CPU.ActiveCfg = Debug|Any CPU
		{54C158AB-3CE6-43F0-B250-685917B653A3}.Debug|Any CPU.Build.0 = Debug|Any CPU
		{54C158AB-3CE6-43F0-B250-685917B653A3}.Release|Any CPU.ActiveCfg = Release|Any CPU
		{54C158AB-3CE6-43F0-B250-685917B653A3}.Release|Any CPU.Build.0 = Release|Any CPU
		{CD432248-C2B5-4703-B402-DF569804D75A}.Debug|Any CPU.ActiveCfg = Debug|Any CPU
		{CD432248-C2B5-4703-B402-DF569804D75A}.Debug|Any CPU.Build.0 = Debug|Any CPU
		{CD432248-C2B5-4703-B402-DF569804D75A}.Release|Any CPU.ActiveCfg = Release|Any CPU
		{CD432248-C2B5-4703-B402-DF569804D75A}.Release|Any CPU.Build.0 = Release|Any CPU
		{8E63D5E0-32A9-4C12-8C1A-EC464B1016D6}.Debug|Any CPU.ActiveCfg = Debug|Any CPU
		{8E63D5E0-32A9-4C12-8C1A-EC464B1016D6}.Debug|Any CPU.Build.0 = Debug|Any CPU
		{8E63D5E0-32A9-4C12-8C1A-EC464B1016D6}.Release|Any CPU.ActiveCfg = Release|Any CPU
		{8E63D5E0-32A9-4C12-8C1A-EC464B1016D6}.Release|Any CPU.Build.0 = Release|Any CPU
		{28305DC4-CF86-40CE-896F-F24F328A00BA}.Debug|Any CPU.ActiveCfg = Debug|Any CPU
		{28305DC4-CF86-40CE-896F-F24F328A00BA}.Debug|Any CPU.Build.0 = Debug|Any CPU
		{28305DC4-CF86-40CE-896F-F24F328A00BA}.Release|Any CPU.ActiveCfg = Release|Any CPU
		{28305DC4-CF86-40CE-896F-F24F328A00BA}.Release|Any CPU.Build.0 = Release|Any CPU
		{86D7B1E0-6C0C-4FF5-8EF7-33CD9FC5A8B8}.Debug|Any CPU.ActiveCfg = Debug|Any CPU
		{86D7B1E0-6C0C-4FF5-8EF7-33CD9FC5A8B8}.Debug|Any CPU.Build.0 = Debug|Any CPU
		{86D7B1E0-6C0C-4FF5-8EF7-33CD9FC5A8B8}.Release|Any CPU.ActiveCfg = Release|Any CPU
		{86D7B1E0-6C0C-4FF5-8EF7-33CD9FC5A8B8}.Release|Any CPU.Build.0 = Release|Any CPU
		{4B690C59-6583-4E90-84BE-6D5D81611089}.Debug|Any CPU.ActiveCfg = Debug|Any CPU
		{4B690C59-6583-4E90-84BE-6D5D81611089}.Debug|Any CPU.Build.0 = Debug|Any CPU
		{4B690C59-6583-4E90-84BE-6D5D81611089}.Release|Any CPU.ActiveCfg = Release|Any CPU
		{4B690C59-6583-4E90-84BE-6D5D81611089}.Release|Any CPU.Build.0 = Release|Any CPU
		{8385ACCF-FD8A-43F5-AB9B-255F5E9A722C}.Debug|Any CPU.ActiveCfg = Debug|Any CPU
		{8385ACCF-FD8A-43F5-AB9B-255F5E9A722C}.Debug|Any CPU.Build.0 = Debug|Any CPU
		{8385ACCF-FD8A-43F5-AB9B-255F5E9A722C}.Release|Any CPU.ActiveCfg = Release|Any CPU
		{8385ACCF-FD8A-43F5-AB9B-255F5E9A722C}.Release|Any CPU.Build.0 = Release|Any CPU
		{0A699087-D2DB-4801-83AE-4D36F55699A4}.Debug|Any CPU.ActiveCfg = Debug|Any CPU
		{0A699087-D2DB-4801-83AE-4D36F55699A4}.Debug|Any CPU.Build.0 = Debug|Any CPU
		{0A699087-D2DB-4801-83AE-4D36F55699A4}.Release|Any CPU.ActiveCfg = Release|Any CPU
		{0A699087-D2DB-4801-83AE-4D36F55699A4}.Release|Any CPU.Build.0 = Release|Any CPU
		{09BC6341-2508-42C9-B978-85302E4D7CBD}.Debug|Any CPU.ActiveCfg = Debug|Any CPU
		{09BC6341-2508-42C9-B978-85302E4D7CBD}.Debug|Any CPU.Build.0 = Debug|Any CPU
		{09BC6341-2508-42C9-B978-85302E4D7CBD}.Release|Any CPU.ActiveCfg = Release|Any CPU
		{09BC6341-2508-42C9-B978-85302E4D7CBD}.Release|Any CPU.Build.0 = Release|Any CPU
		{5C97A5AB-8BFD-4C91-983C-975791EB9FC7}.Debug|Any CPU.ActiveCfg = Debug|Any CPU
		{5C97A5AB-8BFD-4C91-983C-975791EB9FC7}.Debug|Any CPU.Build.0 = Debug|Any CPU
		{5C97A5AB-8BFD-4C91-983C-975791EB9FC7}.Release|Any CPU.ActiveCfg = Release|Any CPU
		{5C97A5AB-8BFD-4C91-983C-975791EB9FC7}.Release|Any CPU.Build.0 = Release|Any CPU
		{E6A432C5-4C16-43BD-BB29-CD51F4EF644D}.Debug|Any CPU.ActiveCfg = Debug|Any CPU
		{E6A432C5-4C16-43BD-BB29-CD51F4EF644D}.Debug|Any CPU.Build.0 = Debug|Any CPU
		{E6A432C5-4C16-43BD-BB29-CD51F4EF644D}.Release|Any CPU.ActiveCfg = Release|Any CPU
		{E6A432C5-4C16-43BD-BB29-CD51F4EF644D}.Release|Any CPU.Build.0 = Release|Any CPU
		{57A4CFA4-BFAE-4EBF-A41D-CE685079A678}.Debug|Any CPU.ActiveCfg = Debug|Any CPU
		{57A4CFA4-BFAE-4EBF-A41D-CE685079A678}.Debug|Any CPU.Build.0 = Debug|Any CPU
		{57A4CFA4-BFAE-4EBF-A41D-CE685079A678}.Release|Any CPU.ActiveCfg = Release|Any CPU
		{57A4CFA4-BFAE-4EBF-A41D-CE685079A678}.Release|Any CPU.Build.0 = Release|Any CPU
	EndGlobalSection
	GlobalSection(SolutionProperties) = preSolution
		HideSolutionNode = FALSE
	EndGlobalSection
	GlobalSection(NestedProjects) = preSolution
		{F59AB49D-808B-47E9-A3FA-BFAB83BB4175} = {654B0D46-6AAC-4B1A-A03D-1556C225D35F}
		{76971E75-8308-4DDD-9884-8098D167B024} = {654B0D46-6AAC-4B1A-A03D-1556C225D35F}
		{F44ACACF-A72A-48EC-9C2F-1C15B0B180AE} = {654B0D46-6AAC-4B1A-A03D-1556C225D35F}
		{498A9355-3F27-4A65-9454-30A081D25DBB} = {654B0D46-6AAC-4B1A-A03D-1556C225D35F}
		{DDC1CE3E-E9E3-4B67-9185-6D7B4AB0B5A7} = {654B0D46-6AAC-4B1A-A03D-1556C225D35F}
		{C5CB8801-663B-42E0-AB01-4AFD53137E3E} = {654B0D46-6AAC-4B1A-A03D-1556C225D35F}
		{709A2CCC-756A-4D73-A44B-C27760F4992A} = {18AD81A4-CEFF-4095-96D1-3E6E4B85EDFF}
		{54C158AB-3CE6-43F0-B250-685917B653A3} = {18AD81A4-CEFF-4095-96D1-3E6E4B85EDFF}
		{CD432248-C2B5-4703-B402-DF569804D75A} = {18AD81A4-CEFF-4095-96D1-3E6E4B85EDFF}
		{8E63D5E0-32A9-4C12-8C1A-EC464B1016D6} = {18AD81A4-CEFF-4095-96D1-3E6E4B85EDFF}
		{28305DC4-CF86-40CE-896F-F24F328A00BA} = {18AD81A4-CEFF-4095-96D1-3E6E4B85EDFF}
		{86D7B1E0-6C0C-4FF5-8EF7-33CD9FC5A8B8} = {18AD81A4-CEFF-4095-96D1-3E6E4B85EDFF}
		{4B690C59-6583-4E90-84BE-6D5D81611089} = {18AD81A4-CEFF-4095-96D1-3E6E4B85EDFF}
		{8385ACCF-FD8A-43F5-AB9B-255F5E9A722C} = {00393723-54FC-46C7-9A0C-E9F40D5E6C71}
		{0A699087-D2DB-4801-83AE-4D36F55699A4} = {00393723-54FC-46C7-9A0C-E9F40D5E6C71}
		{09BC6341-2508-42C9-B978-85302E4D7CBD} = {00393723-54FC-46C7-9A0C-E9F40D5E6C71}
		{5C97A5AB-8BFD-4C91-983C-975791EB9FC7} = {2D58E049-C1C2-4485-B62E-3A4091961189}
		{E6A432C5-4C16-43BD-BB29-CD51F4EF644D} = {2D58E049-C1C2-4485-B62E-3A4091961189}
		{57A4CFA4-BFAE-4EBF-A41D-CE685079A678} = {2D58E049-C1C2-4485-B62E-3A4091961189}
	EndGlobalSection
	GlobalSection(ExtensibilityGlobals) = postSolution
		SolutionGuid = {69D50F80-CD0B-43FE-847F-B7317319A751}
	EndGlobalSection
EndGlobal
