
Microsoft Visual Studio Solution File, Format Version 12.00
# Visual Studio Version 16
VisualStudioVersion = 16.0.30907.101
MinimumVisualStudioVersion = 10.0.40219.1
Project("{2150E333-8FDC-42A3-9474-1A3956D46DE8}") = "Homework_1", "Homework_1", "{654B0D46-6AAC-4B1A-A03D-1556C225D35F}"
EndProject
Project("{2150E333-8FDC-42A3-9474-1A3956D46DE8}") = "Homework_2", "Homework_2", "{18AD81A4-CEFF-4095-96D1-3E6E4B85EDFF}"
EndProject
Project("{FAE04EC0-301F-11D3-BF4B-00C04F79EFBC}") = "Task_1.1", "Homework_1\Task_1.1\Task_1.1.csproj", "{F59AB49D-808B-47E9-A3FA-BFAB83BB4175}"
EndProject
Project("{FAE04EC0-301F-11D3-BF4B-00C04F79EFBC}") = "Task_1.2", "Homework_1\Task_1.2\Task_1.2.csproj", "{76971E75-8308-4DDD-9884-8098D167B024}"
EndProject
Project("{FAE04EC0-301F-11D3-BF4B-00C04F79EFBC}") = "Task_1.3", "Homework_1\Task_1.3\Task_1.3.csproj", "{F44ACACF-A72A-48EC-9C2F-1C15B0B180AE}"
EndProject
Project("{FAE04EC0-301F-11D3-BF4B-00C04F79EFBC}") = "Task_1.4", "Homework_1\Task_1.4\Task_1.4.csproj", "{498A9355-3F27-4A65-9454-30A081D25DBB}"
EndProject
Project("{FAE04EC0-301F-11D3-BF4B-00C04F79EFBC}") = "Task_1.5", "Homework_1\Task_1.5\Task_1.5.csproj", "{DDC1CE3E-E9E3-4B67-9185-6D7B4AB0B5A7}"
EndProject
Project("{FAE04EC0-301F-11D3-BF4B-00C04F79EFBC}") = "Task_1.6", "Homework_1\Task_1.6\Task_1.6.csproj", "{C5CB8801-663B-42E0-AB01-4AFD53137E3E}"
EndProject
Project("{FAE04EC0-301F-11D3-BF4B-00C04F79EFBC}") = "Task_2.1", "Homework_2\Task_2.1\Task_2.1.csproj", "{709A2CCC-756A-4D73-A44B-C27760F4992A}"
EndProject
Project("{FAE04EC0-301F-11D3-BF4B-00C04F79EFBC}") = "Task_2.2", "Homework_2\Task_2.2\Task_2.2.csproj", "{54C158AB-3CE6-43F0-B250-685917B653A3}"
EndProject
Global
	GlobalSection(SolutionConfigurationPlatforms) = preSolution
		Debug|Any CPU = Debug|Any CPU
		Release|Any CPU = Release|Any CPU
	EndGlobalSection
	GlobalSection(ProjectConfigurationPlatforms) = postSolution
		{F59AB49D-808B-47E9-A3FA-BFAB83BB4175}.Debug|Any CPU.ActiveCfg = Debug|Any CPU
		{F59AB49D-808B-47E9-A3FA-BFAB83BB4175}.Debug|Any CPU.Build.0 = Debug|Any CPU
		{F59AB49D-808B-47E9-A3FA-BFAB83BB4175}.Release|Any CPU.ActiveCfg = Release|Any CPU
		{F59AB49D-808B-47E9-A3FA-BFAB83BB4175}.Release|Any CPU.Build.0 = Release|Any CPU
		{76971E75-8308-4DDD-9884-8098D167B024}.Debug|Any CPU.ActiveCfg = Debug|Any CPU
		{76971E75-8308-4DDD-9884-8098D167B024}.Debug|Any CPU.Build.0 = Debug|Any CPU
		{76971E75-8308-4DDD-9884-8098D167B024}.Release|Any CPU.ActiveCfg = Release|Any CPU
		{76971E75-8308-4DDD-9884-8098D167B024}.Release|Any CPU.Build.0 = Release|Any CPU
		{F44ACACF-A72A-48EC-9C2F-1C15B0B180AE}.Debug|Any CPU.ActiveCfg = Debug|Any CPU
		{F44ACACF-A72A-48EC-9C2F-1C15B0B180AE}.Debug|Any CPU.Build.0 = Debug|Any CPU
		{F44ACACF-A72A-48EC-9C2F-1C15B0B180AE}.Release|Any CPU.ActiveCfg = Release|Any CPU
		{F44ACACF-A72A-48EC-9C2F-1C15B0B180AE}.Release|Any CPU.Build.0 = Release|Any CPU
		{498A9355-3F27-4A65-9454-30A081D25DBB}.Debug|Any CPU.ActiveCfg = Debug|Any CPU
		{498A9355-3F27-4A65-9454-30A081D25DBB}.Debug|Any CPU.Build.0 = Debug|Any CPU
		{498A9355-3F27-4A65-9454-30A081D25DBB}.Release|Any CPU.ActiveCfg = Release|Any CPU
		{498A9355-3F27-4A65-9454-30A081D25DBB}.Release|Any CPU.Build.0 = Release|Any CPU
		{DDC1CE3E-E9E3-4B67-9185-6D7B4AB0B5A7}.Debug|Any CPU.ActiveCfg = Debug|Any CPU
		{DDC1CE3E-E9E3-4B67-9185-6D7B4AB0B5A7}.Debug|Any CPU.Build.0 = Debug|Any CPU
		{DDC1CE3E-E9E3-4B67-9185-6D7B4AB0B5A7}.Release|Any CPU.ActiveCfg = Release|Any CPU
		{DDC1CE3E-E9E3-4B67-9185-6D7B4AB0B5A7}.Release|Any CPU.Build.0 = Release|Any CPU
		{C5CB8801-663B-42E0-AB01-4AFD53137E3E}.Debug|Any CPU.ActiveCfg = Debug|Any CPU
		{C5CB8801-663B-42E0-AB01-4AFD53137E3E}.Debug|Any CPU.Build.0 = Debug|Any CPU
		{C5CB8801-663B-42E0-AB01-4AFD53137E3E}.Release|Any CPU.ActiveCfg = Release|Any CPU
		{C5CB8801-663B-42E0-AB01-4AFD53137E3E}.Release|Any CPU.Build.0 = Release|Any CPU
		{709A2CCC-756A-4D73-A44B-C27760F4992A}.Debug|Any CPU.ActiveCfg = Debug|Any CPU
		{709A2CCC-756A-4D73-A44B-C27760F4992A}.Debug|Any CPU.Build.0 = Debug|Any CPU
		{709A2CCC-756A-4D73-A44B-C27760F4992A}.Release|Any CPU.ActiveCfg = Release|Any CPU
		{709A2CCC-756A-4D73-A44B-C27760F4992A}.Release|Any CPU.Build.0 = Release|Any CPU
		{54C158AB-3CE6-43F0-B250-685917B653A3}.Debug|Any CPU.ActiveCfg = Debug|Any CPU
		{54C158AB-3CE6-43F0-B250-685917B653A3}.Debug|Any CPU.Build.0 = Debug|Any CPU
		{54C158AB-3CE6-43F0-B250-685917B653A3}.Release|Any CPU.ActiveCfg = Release|Any CPU
		{54C158AB-3CE6-43F0-B250-685917B653A3}.Release|Any CPU.Build.0 = Release|Any CPU
	EndGlobalSection
	GlobalSection(SolutionProperties) = preSolution
		HideSolutionNode = FALSE
	EndGlobalSection
	GlobalSection(NestedProjects) = preSolution
		{F59AB49D-808B-47E9-A3FA-BFAB83BB4175} = {654B0D46-6AAC-4B1A-A03D-1556C225D35F}
		{76971E75-8308-4DDD-9884-8098D167B024} = {654B0D46-6AAC-4B1A-A03D-1556C225D35F}
		{F44ACACF-A72A-48EC-9C2F-1C15B0B180AE} = {654B0D46-6AAC-4B1A-A03D-1556C225D35F}
		{498A9355-3F27-4A65-9454-30A081D25DBB} = {654B0D46-6AAC-4B1A-A03D-1556C225D35F}
		{DDC1CE3E-E9E3-4B67-9185-6D7B4AB0B5A7} = {654B0D46-6AAC-4B1A-A03D-1556C225D35F}
		{C5CB8801-663B-42E0-AB01-4AFD53137E3E} = {654B0D46-6AAC-4B1A-A03D-1556C225D35F}
		{709A2CCC-756A-4D73-A44B-C27760F4992A} = {18AD81A4-CEFF-4095-96D1-3E6E4B85EDFF}
		{54C158AB-3CE6-43F0-B250-685917B653A3} = {18AD81A4-CEFF-4095-96D1-3E6E4B85EDFF}
	EndGlobalSection
	GlobalSection(ExtensibilityGlobals) = postSolution
		SolutionGuid = {69D50F80-CD0B-43FE-847F-B7317319A751}
	EndGlobalSection
EndGlobal
